
Microsoft Visual Studio Solution File, Format Version 12.00
# Visual Studio 15
VisualStudioVersion = 15.0.27130.2026
MinimumVisualStudioVersion = 10.0.40219.1
Project("{FAE04EC0-301F-11D3-BF4B-00C04F79EFBC}") = "AutoMapperGistApi_Posted", "AutoMapperGistApi_Posted\AutoMapperGistApi_Posted.csproj", "{00C4639D-183B-49B0-BCCF-85A4259BE45F}"
EndProject
Global
	GlobalSection(SolutionConfigurationPlatforms) = preSolution
		Debug|Any CPU = Debug|Any CPU
		Release|Any CPU = Release|Any CPU
	EndGlobalSection
	GlobalSection(ProjectConfigurationPlatforms) = postSolution
		{00C4639D-183B-49B0-BCCF-85A4259BE45F}.Debug|Any CPU.ActiveCfg = Debug|Any CPU
		{00C4639D-183B-49B0-BCCF-85A4259BE45F}.Debug|Any CPU.Build.0 = Debug|Any CPU
		{00C4639D-183B-49B0-BCCF-85A4259BE45F}.Release|Any CPU.ActiveCfg = Release|Any CPU
		{00C4639D-183B-49B0-BCCF-85A4259BE45F}.Release|Any CPU.Build.0 = Release|Any CPU
	EndGlobalSection
	GlobalSection(SolutionProperties) = preSolution
		HideSolutionNode = FALSE
	EndGlobalSection
	GlobalSection(ExtensibilityGlobals) = postSolution
		SolutionGuid = {D91B159E-F79A-4215-96F5-5F884685324A}
	EndGlobalSection
EndGlobal
